
Microsoft Visual Studio Solution File, Format Version 12.00
# Visual Studio Version 17
VisualStudioVersion = 17.6.33723.286
MinimumVisualStudioVersion = 10.0.40219.1
Project("{FAE04EC0-301F-11D3-BF4B-00C04F79EFBC}") = "task2", "task2\task2.csproj", "{F915CFBB-02C8-4667-8C74-B26B3F6742F8}"
EndProject
Global
	GlobalSection(SolutionConfigurationPlatforms) = preSolution
		Debug|Any CPU = Debug|Any CPU
		Release|Any CPU = Release|Any CPU
	EndGlobalSection
	GlobalSection(ProjectConfigurationPlatforms) = postSolution
		{F915CFBB-02C8-4667-8C74-B26B3F6742F8}.Debug|Any CPU.ActiveCfg = Debug|Any CPU
		{F915CFBB-02C8-4667-8C74-B26B3F6742F8}.Debug|Any CPU.Build.0 = Debug|Any CPU
		{F915CFBB-02C8-4667-8C74-B26B3F6742F8}.Release|Any CPU.ActiveCfg = Release|Any CPU
		{F915CFBB-02C8-4667-8C74-B26B3F6742F8}.Release|Any CPU.Build.0 = Release|Any CPU
	EndGlobalSection
	GlobalSection(SolutionProperties) = preSolution
		HideSolutionNode = FALSE
	EndGlobalSection
	GlobalSection(ExtensibilityGlobals) = postSolution
		SolutionGuid = {2E43FA22-9E0D-4EA8-AB8E-7B45256C8210}
	EndGlobalSection
EndGlobal
